{
  "name": "ajs-platforms-nodejs",
  "version": "1.0.0",
  "lockfileVersion": 1,
  "requires": true,
  "dependencies": {
    "@adeoz/ajs-platforms-package": {
      "version": "1.0.0",
      "resolved": "https://npm.pkg.github.com/download/@adeoz/ajs-platforms-package/1.0.0/75e03ac3daf410ab66973ecddd3eb46c1b83478dde17af6367670df34579ed52",
      "integrity": "sha1-AIi2IptNeV8++vvPfcA0FhOSGuo="
    }
  }
}
